
Microsoft Visual Studio Solution File, Format Version 12.00
# Visual Studio Version 17
VisualStudioVersion = 17.3.32901.215
MinimumVisualStudioVersion = 10.0.40219.1
Project("{9A19103F-16F7-4668-BE54-9A1E7A4F7556}") = "DapperConsole", "DapperConsole\DapperConsole.csproj", "{464DF3DE-FD42-48B8-9B56-FCC87FB4960A}"
EndProject
Project("{9A19103F-16F7-4668-BE54-9A1E7A4F7556}") = "GroceryStoreDemo", "GroceryStoreDemo\GroceryStoreDemo.csproj", "{5C8E7B5D-8FD1-47B2-A18C-E89FA756DB4B}"
EndProject
Project("{FAE04EC0-301F-11D3-BF4B-00C04F79EFBC}") = "BusinessPortal", "BusinessPortal\BusinessPortal.csproj", "{EF6FFE28-0F2C-4098-9675-565CB05CA782}"
EndProject
Global
	GlobalSection(SolutionConfigurationPlatforms) = preSolution
		Debug|Any CPU = Debug|Any CPU
		Release|Any CPU = Release|Any CPU
	EndGlobalSection
	GlobalSection(ProjectConfigurationPlatforms) = postSolution
		{464DF3DE-FD42-48B8-9B56-FCC87FB4960A}.Debug|Any CPU.ActiveCfg = Debug|Any CPU
		{464DF3DE-FD42-48B8-9B56-FCC87FB4960A}.Debug|Any CPU.Build.0 = Debug|Any CPU
		{464DF3DE-FD42-48B8-9B56-FCC87FB4960A}.Release|Any CPU.ActiveCfg = Release|Any CPU
		{464DF3DE-FD42-48B8-9B56-FCC87FB4960A}.Release|Any CPU.Build.0 = Release|Any CPU
		{5C8E7B5D-8FD1-47B2-A18C-E89FA756DB4B}.Debug|Any CPU.ActiveCfg = Debug|Any CPU
		{5C8E7B5D-8FD1-47B2-A18C-E89FA756DB4B}.Debug|Any CPU.Build.0 = Debug|Any CPU
		{5C8E7B5D-8FD1-47B2-A18C-E89FA756DB4B}.Release|Any CPU.ActiveCfg = Release|Any CPU
		{5C8E7B5D-8FD1-47B2-A18C-E89FA756DB4B}.Release|Any CPU.Build.0 = Release|Any CPU
		{EF6FFE28-0F2C-4098-9675-565CB05CA782}.Debug|Any CPU.ActiveCfg = Debug|Any CPU
		{EF6FFE28-0F2C-4098-9675-565CB05CA782}.Debug|Any CPU.Build.0 = Debug|Any CPU
		{EF6FFE28-0F2C-4098-9675-565CB05CA782}.Release|Any CPU.ActiveCfg = Release|Any CPU
		{EF6FFE28-0F2C-4098-9675-565CB05CA782}.Release|Any CPU.Build.0 = Release|Any CPU
	EndGlobalSection
	GlobalSection(SolutionProperties) = preSolution
		HideSolutionNode = FALSE
	EndGlobalSection
	GlobalSection(ExtensibilityGlobals) = postSolution
		SolutionGuid = {2CD19A93-14C5-4A4B-BAA7-A838F51796C7}
	EndGlobalSection
EndGlobal
